
Microsoft Visual Studio Solution File, Format Version 12.00
# Visual Studio 2013
VisualStudioVersion = 12.0.30110.0
MinimumVisualStudioVersion = 10.0.40219.1
Project("{FAE04EC0-301F-11D3-BF4B-00C04F79EFBC}") = "MP3Jacket", "MP3Jacket\MP3Jacket.csproj", "{E985DB52-5F15-4DCE-ABA2-ABD92CA540D2}"
	ProjectSection(ProjectDependencies) = postProject
		{BFF04D3E-5EF2-415D-8FD7-3D3BD7D4F4E2} = {BFF04D3E-5EF2-415D-8FD7-3D3BD7D4F4E2}
		{2F9AF1E8-A489-DEA8-5FC0-5FB92418AE33} = {2F9AF1E8-A489-DEA8-5FC0-5FB92418AE33}
	EndProjectSection
EndProject
Project("{8BC9CEB8-8B4A-11D0-8D11-00A0C91BC942}") = "id3lib", "id3lib-3.8.3\libprj\id3lib.vcxproj", "{2F9AF1E8-A489-DEA8-5FC0-5FB92418AE33}"
	ProjectSection(ProjectDependencies) = postProject
		{BFF04D3E-5EF2-415D-8FD7-3D3BD7D4F4E2} = {BFF04D3E-5EF2-415D-8FD7-3D3BD7D4F4E2}
	EndProjectSection
EndProject
Project("{8BC9CEB8-8B4A-11D0-8D11-00A0C91BC942}") = "zlib", "id3lib-3.8.3\zlib\prj\zlib.vcxproj", "{BFF04D3E-5EF2-415D-8FD7-3D3BD7D4F4E2}"
EndProject
Project("{8BC9CEB8-8B4A-11D0-8D11-00A0C91BC942}") = "TestWin32", "TestWin32\TestWin32.vcxproj", "{470D790C-30D1-430A-8985-ACE41F96920F}"
EndProject
Global
	GlobalSection(SolutionConfigurationPlatforms) = preSolution
		Debug|Any CPU = Debug|Any CPU
		Debug|Mixed Platforms = Debug|Mixed Platforms
		Debug|Win32 = Debug|Win32
		Debug|x64 = Debug|x64
		Debug|x86 = Debug|x86
		NASM Debug|Any CPU = NASM Debug|Any CPU
		NASM Debug|Mixed Platforms = NASM Debug|Mixed Platforms
		NASM Debug|Win32 = NASM Debug|Win32
		NASM Debug|x64 = NASM Debug|x64
		NASM Debug|x86 = NASM Debug|x86
		NASM Release|Any CPU = NASM Release|Any CPU
		NASM Release|Mixed Platforms = NASM Release|Mixed Platforms
		NASM Release|Win32 = NASM Release|Win32
		NASM Release|x64 = NASM Release|x64
		NASM Release|x86 = NASM Release|x86
		Release|Any CPU = Release|Any CPU
		Release|Mixed Platforms = Release|Mixed Platforms
		Release|Win32 = Release|Win32
		Release|x64 = Release|x64
		Release|x86 = Release|x86
		Template|Any CPU = Template|Any CPU
		Template|Mixed Platforms = Template|Mixed Platforms
		Template|Win32 = Template|Win32
		Template|x64 = Template|x64
		Template|x86 = Template|x86
	EndGlobalSection
	GlobalSection(ProjectConfigurationPlatforms) = postSolution
		{E985DB52-5F15-4DCE-ABA2-ABD92CA540D2}.Debug|Any CPU.ActiveCfg = Debug|Any CPU
		{E985DB52-5F15-4DCE-ABA2-ABD92CA540D2}.Debug|Any CPU.Build.0 = Debug|Any CPU
		{E985DB52-5F15-4DCE-ABA2-ABD92CA540D2}.Debug|Mixed Platforms.ActiveCfg = Debug|Any CPU
		{E985DB52-5F15-4DCE-ABA2-ABD92CA540D2}.Debug|Mixed Platforms.Build.0 = Debug|Any CPU
		{E985DB52-5F15-4DCE-ABA2-ABD92CA540D2}.Debug|Win32.ActiveCfg = Debug|Any CPU
		{E985DB52-5F15-4DCE-ABA2-ABD92CA540D2}.Debug|Win32.Build.0 = Debug|Any CPU
		{E985DB52-5F15-4DCE-ABA2-ABD92CA540D2}.Debug|Win32.Deploy.0 = Debug|Any CPU
		{E985DB52-5F15-4DCE-ABA2-ABD92CA540D2}.Debug|x64.ActiveCfg = Debug|x86
		{E985DB52-5F15-4DCE-ABA2-ABD92CA540D2}.Debug|x64.Build.0 = Debug|x86
		{E985DB52-5F15-4DCE-ABA2-ABD92CA540D2}.Debug|x86.ActiveCfg = Debug|Any CPU
		{E985DB52-5F15-4DCE-ABA2-ABD92CA540D2}.Debug|x86.Build.0 = Debug|Any CPU
		{E985DB52-5F15-4DCE-ABA2-ABD92CA540D2}.NASM Debug|Any CPU.ActiveCfg = Debug|Any CPU
		{E985DB52-5F15-4DCE-ABA2-ABD92CA540D2}.NASM Debug|Any CPU.Build.0 = Debug|Any CPU
		{E985DB52-5F15-4DCE-ABA2-ABD92CA540D2}.NASM Debug|Mixed Platforms.ActiveCfg = Debug|Any CPU
		{E985DB52-5F15-4DCE-ABA2-ABD92CA540D2}.NASM Debug|Mixed Platforms.Build.0 = Debug|Any CPU
		{E985DB52-5F15-4DCE-ABA2-ABD92CA540D2}.NASM Debug|Win32.ActiveCfg = Debug|Any CPU
		{E985DB52-5F15-4DCE-ABA2-ABD92CA540D2}.NASM Debug|x64.ActiveCfg = Debug|x64
		{E985DB52-5F15-4DCE-ABA2-ABD92CA540D2}.NASM Debug|x64.Build.0 = Debug|x64
		{E985DB52-5F15-4DCE-ABA2-ABD92CA540D2}.NASM Debug|x86.ActiveCfg = Debug|x86
		{E985DB52-5F15-4DCE-ABA2-ABD92CA540D2}.NASM Debug|x86.Build.0 = Debug|x86
		{E985DB52-5F15-4DCE-ABA2-ABD92CA540D2}.NASM Release|Any CPU.ActiveCfg = Release|Any CPU
		{E985DB52-5F15-4DCE-ABA2-ABD92CA540D2}.NASM Release|Any CPU.Build.0 = Release|Any CPU
		{E985DB52-5F15-4DCE-ABA2-ABD92CA540D2}.NASM Release|Mixed Platforms.ActiveCfg = Release|Any CPU
		{E985DB52-5F15-4DCE-ABA2-ABD92CA540D2}.NASM Release|Mixed Platforms.Build.0 = Release|Any CPU
		{E985DB52-5F15-4DCE-ABA2-ABD92CA540D2}.NASM Release|Win32.ActiveCfg = Release|Any CPU
		{E985DB52-5F15-4DCE-ABA2-ABD92CA540D2}.NASM Release|x64.ActiveCfg = Release|x64
		{E985DB52-5F15-4DCE-ABA2-ABD92CA540D2}.NASM Release|x64.Build.0 = Release|x64
		{E985DB52-5F15-4DCE-ABA2-ABD92CA540D2}.NASM Release|x86.ActiveCfg = Release|x86
		{E985DB52-5F15-4DCE-ABA2-ABD92CA540D2}.NASM Release|x86.Build.0 = Release|x86
		{E985DB52-5F15-4DCE-ABA2-ABD92CA540D2}.Release|Any CPU.ActiveCfg = Release|Any CPU
		{E985DB52-5F15-4DCE-ABA2-ABD92CA540D2}.Release|Any CPU.Build.0 = Release|Any CPU
		{E985DB52-5F15-4DCE-ABA2-ABD92CA540D2}.Release|Mixed Platforms.ActiveCfg = Release|Any CPU
		{E985DB52-5F15-4DCE-ABA2-ABD92CA540D2}.Release|Mixed Platforms.Build.0 = Release|Any CPU
		{E985DB52-5F15-4DCE-ABA2-ABD92CA540D2}.Release|Win32.ActiveCfg = Release|Any CPU
		{E985DB52-5F15-4DCE-ABA2-ABD92CA540D2}.Release|x64.ActiveCfg = Release|x64
		{E985DB52-5F15-4DCE-ABA2-ABD92CA540D2}.Release|x64.Build.0 = Release|x64
		{E985DB52-5F15-4DCE-ABA2-ABD92CA540D2}.Release|x86.ActiveCfg = Release|x86
		{E985DB52-5F15-4DCE-ABA2-ABD92CA540D2}.Release|x86.Build.0 = Release|x86
		{E985DB52-5F15-4DCE-ABA2-ABD92CA540D2}.Template|Any CPU.ActiveCfg = Release|Any CPU
		{E985DB52-5F15-4DCE-ABA2-ABD92CA540D2}.Template|Any CPU.Build.0 = Release|Any CPU
		{E985DB52-5F15-4DCE-ABA2-ABD92CA540D2}.Template|Mixed Platforms.ActiveCfg = Release|Any CPU
		{E985DB52-5F15-4DCE-ABA2-ABD92CA540D2}.Template|Mixed Platforms.Build.0 = Release|Any CPU
		{E985DB52-5F15-4DCE-ABA2-ABD92CA540D2}.Template|Win32.ActiveCfg = Release|Any CPU
		{E985DB52-5F15-4DCE-ABA2-ABD92CA540D2}.Template|x64.ActiveCfg = Release|x64
		{E985DB52-5F15-4DCE-ABA2-ABD92CA540D2}.Template|x64.Build.0 = Release|x64
		{E985DB52-5F15-4DCE-ABA2-ABD92CA540D2}.Template|x86.ActiveCfg = Release|x86
		{E985DB52-5F15-4DCE-ABA2-ABD92CA540D2}.Template|x86.Build.0 = Release|x86
		{2F9AF1E8-A489-DEA8-5FC0-5FB92418AE33}.Debug|Any CPU.ActiveCfg = Debug|Win32
		{2F9AF1E8-A489-DEA8-5FC0-5FB92418AE33}.Debug|Mixed Platforms.ActiveCfg = Debug|Win32
		{2F9AF1E8-A489-DEA8-5FC0-5FB92418AE33}.Debug|Mixed Platforms.Build.0 = Debug|Win32
		{2F9AF1E8-A489-DEA8-5FC0-5FB92418AE33}.Debug|Win32.ActiveCfg = Debug|Win32
		{2F9AF1E8-A489-DEA8-5FC0-5FB92418AE33}.Debug|Win32.Build.0 = Debug|Win32
		{2F9AF1E8-A489-DEA8-5FC0-5FB92418AE33}.Debug|x64.ActiveCfg = Debug|Win32
		{2F9AF1E8-A489-DEA8-5FC0-5FB92418AE33}.Debug|x64.Build.0 = Debug|Win32
		{2F9AF1E8-A489-DEA8-5FC0-5FB92418AE33}.Debug|x86.ActiveCfg = Debug|Win32
		{2F9AF1E8-A489-DEA8-5FC0-5FB92418AE33}.Debug|x86.Build.0 = Debug|Win32
		{2F9AF1E8-A489-DEA8-5FC0-5FB92418AE33}.NASM Debug|Any CPU.ActiveCfg = Debug|Win32
		{2F9AF1E8-A489-DEA8-5FC0-5FB92418AE33}.NASM Debug|Mixed Platforms.ActiveCfg = Debug|Win32
		{2F9AF1E8-A489-DEA8-5FC0-5FB92418AE33}.NASM Debug|Mixed Platforms.Build.0 = Debug|Win32
		{2F9AF1E8-A489-DEA8-5FC0-5FB92418AE33}.NASM Debug|Win32.ActiveCfg = Debug|Win32
		{2F9AF1E8-A489-DEA8-5FC0-5FB92418AE33}.NASM Debug|Win32.Build.0 = Debug|Win32
		{2F9AF1E8-A489-DEA8-5FC0-5FB92418AE33}.NASM Debug|x64.ActiveCfg = Debug|Win32
		{2F9AF1E8-A489-DEA8-5FC0-5FB92418AE33}.NASM Debug|x86.ActiveCfg = Debug|Win32
		{2F9AF1E8-A489-DEA8-5FC0-5FB92418AE33}.NASM Debug|x86.Build.0 = Debug|Win32
		{2F9AF1E8-A489-DEA8-5FC0-5FB92418AE33}.NASM Release|Any CPU.ActiveCfg = Release|Win32
		{2F9AF1E8-A489-DEA8-5FC0-5FB92418AE33}.NASM Release|Mixed Platforms.ActiveCfg = Release|Win32
		{2F9AF1E8-A489-DEA8-5FC0-5FB92418AE33}.NASM Release|Mixed Platforms.Build.0 = Release|Win32
		{2F9AF1E8-A489-DEA8-5FC0-5FB92418AE33}.NASM Release|Win32.ActiveCfg = Release|Win32
		{2F9AF1E8-A489-DEA8-5FC0-5FB92418AE33}.NASM Release|Win32.Build.0 = Release|Win32
		{2F9AF1E8-A489-DEA8-5FC0-5FB92418AE33}.NASM Release|x64.ActiveCfg = Release|Win32
		{2F9AF1E8-A489-DEA8-5FC0-5FB92418AE33}.NASM Release|x86.ActiveCfg = Release|Win32
		{2F9AF1E8-A489-DEA8-5FC0-5FB92418AE33}.NASM Release|x86.Build.0 = Release|Win32
		{2F9AF1E8-A489-DEA8-5FC0-5FB92418AE33}.Release|Any CPU.ActiveCfg = Release|Win32
		{2F9AF1E8-A489-DEA8-5FC0-5FB92418AE33}.Release|Mixed Platforms.ActiveCfg = Release|Win32
		{2F9AF1E8-A489-DEA8-5FC0-5FB92418AE33}.Release|Mixed Platforms.Build.0 = Release|Win32
		{2F9AF1E8-A489-DEA8-5FC0-5FB92418AE33}.Release|Win32.ActiveCfg = Release|Win32
		{2F9AF1E8-A489-DEA8-5FC0-5FB92418AE33}.Release|Win32.Build.0 = Release|Win32
		{2F9AF1E8-A489-DEA8-5FC0-5FB92418AE33}.Release|x64.ActiveCfg = Release|Win32
		{2F9AF1E8-A489-DEA8-5FC0-5FB92418AE33}.Release|x86.ActiveCfg = Release|Win32
		{2F9AF1E8-A489-DEA8-5FC0-5FB92418AE33}.Release|x86.Build.0 = Release|Win32
		{2F9AF1E8-A489-DEA8-5FC0-5FB92418AE33}.Template|Any CPU.ActiveCfg = Release|Win32
		{2F9AF1E8-A489-DEA8-5FC0-5FB92418AE33}.Template|Mixed Platforms.ActiveCfg = Release|Win32
		{2F9AF1E8-A489-DEA8-5FC0-5FB92418AE33}.Template|Mixed Platforms.Build.0 = Release|Win32
		{2F9AF1E8-A489-DEA8-5FC0-5FB92418AE33}.Template|Win32.ActiveCfg = Release|Win32
		{2F9AF1E8-A489-DEA8-5FC0-5FB92418AE33}.Template|Win32.Build.0 = Release|Win32
		{2F9AF1E8-A489-DEA8-5FC0-5FB92418AE33}.Template|x64.ActiveCfg = Release|Win32
		{2F9AF1E8-A489-DEA8-5FC0-5FB92418AE33}.Template|x86.ActiveCfg = Release|Win32
		{2F9AF1E8-A489-DEA8-5FC0-5FB92418AE33}.Template|x86.Build.0 = Release|Win32
		{BFF04D3E-5EF2-415D-8FD7-3D3BD7D4F4E2}.Debug|Any CPU.ActiveCfg = Debug|Win32
		{BFF04D3E-5EF2-415D-8FD7-3D3BD7D4F4E2}.Debug|Mixed Platforms.ActiveCfg = Debug|Win32
		{BFF04D3E-5EF2-415D-8FD7-3D3BD7D4F4E2}.Debug|Mixed Platforms.Build.0 = Debug|Win32
		{BFF04D3E-5EF2-415D-8FD7-3D3BD7D4F4E2}.Debug|Win32.ActiveCfg = Debug|Win32
		{BFF04D3E-5EF2-415D-8FD7-3D3BD7D4F4E2}.Debug|Win32.Build.0 = Debug|Win32
		{BFF04D3E-5EF2-415D-8FD7-3D3BD7D4F4E2}.Debug|x64.ActiveCfg = Debug|Win32
		{BFF04D3E-5EF2-415D-8FD7-3D3BD7D4F4E2}.Debug|x64.Build.0 = Debug|Win32
		{BFF04D3E-5EF2-415D-8FD7-3D3BD7D4F4E2}.Debug|x86.ActiveCfg = Debug|Win32
		{BFF04D3E-5EF2-415D-8FD7-3D3BD7D4F4E2}.Debug|x86.Build.0 = Debug|Win32
		{BFF04D3E-5EF2-415D-8FD7-3D3BD7D4F4E2}.NASM Debug|Any CPU.ActiveCfg = NASM Debug|Win32
		{BFF04D3E-5EF2-415D-8FD7-3D3BD7D4F4E2}.NASM Debug|Mixed Platforms.ActiveCfg = NASM Debug|Win32
		{BFF04D3E-5EF2-415D-8FD7-3D3BD7D4F4E2}.NASM Debug|Mixed Platforms.Build.0 = NASM Debug|Win32
		{BFF04D3E-5EF2-415D-8FD7-3D3BD7D4F4E2}.NASM Debug|Win32.ActiveCfg = NASM Debug|Win32
		{BFF04D3E-5EF2-415D-8FD7-3D3BD7D4F4E2}.NASM Debug|Win32.Build.0 = NASM Debug|Win32
		{BFF04D3E-5EF2-415D-8FD7-3D3BD7D4F4E2}.NASM Debug|x64.ActiveCfg = NASM Debug|Win32
		{BFF04D3E-5EF2-415D-8FD7-3D3BD7D4F4E2}.NASM Debug|x86.ActiveCfg = NASM Debug|Win32
		{BFF04D3E-5EF2-415D-8FD7-3D3BD7D4F4E2}.NASM Debug|x86.Build.0 = NASM Debug|Win32
		{BFF04D3E-5EF2-415D-8FD7-3D3BD7D4F4E2}.NASM Release|Any CPU.ActiveCfg = NASM Release|Win32
		{BFF04D3E-5EF2-415D-8FD7-3D3BD7D4F4E2}.NASM Release|Mixed Platforms.ActiveCfg = NASM Release|Win32
		{BFF04D3E-5EF2-415D-8FD7-3D3BD7D4F4E2}.NASM Release|Mixed Platforms.Build.0 = NASM Release|Win32
		{BFF04D3E-5EF2-415D-8FD7-3D3BD7D4F4E2}.NASM Release|Win32.ActiveCfg = NASM Release|Win32
		{BFF04D3E-5EF2-415D-8FD7-3D3BD7D4F4E2}.NASM Release|Win32.Build.0 = NASM Release|Win32
		{BFF04D3E-5EF2-415D-8FD7-3D3BD7D4F4E2}.NASM Release|x64.ActiveCfg = NASM Release|Win32
		{BFF04D3E-5EF2-415D-8FD7-3D3BD7D4F4E2}.NASM Release|x86.ActiveCfg = NASM Release|Win32
		{BFF04D3E-5EF2-415D-8FD7-3D3BD7D4F4E2}.NASM Release|x86.Build.0 = NASM Release|Win32
		{BFF04D3E-5EF2-415D-8FD7-3D3BD7D4F4E2}.Release|Any CPU.ActiveCfg = Release|Win32
		{BFF04D3E-5EF2-415D-8FD7-3D3BD7D4F4E2}.Release|Mixed Platforms.ActiveCfg = Release|Win32
		{BFF04D3E-5EF2-415D-8FD7-3D3BD7D4F4E2}.Release|Mixed Platforms.Build.0 = Release|Win32
		{BFF04D3E-5EF2-415D-8FD7-3D3BD7D4F4E2}.Release|Win32.ActiveCfg = Release|Win32
		{BFF04D3E-5EF2-415D-8FD7-3D3BD7D4F4E2}.Release|Win32.Build.0 = Release|Win32
		{BFF04D3E-5EF2-415D-8FD7-3D3BD7D4F4E2}.Release|x64.ActiveCfg = Release|Win32
		{BFF04D3E-5EF2-415D-8FD7-3D3BD7D4F4E2}.Release|x86.ActiveCfg = Release|Win32
		{BFF04D3E-5EF2-415D-8FD7-3D3BD7D4F4E2}.Release|x86.Build.0 = Release|Win32
		{BFF04D3E-5EF2-415D-8FD7-3D3BD7D4F4E2}.Template|Any CPU.ActiveCfg = Template|Win32
		{BFF04D3E-5EF2-415D-8FD7-3D3BD7D4F4E2}.Template|Mixed Platforms.ActiveCfg = Template|Win32
		{BFF04D3E-5EF2-415D-8FD7-3D3BD7D4F4E2}.Template|Mixed Platforms.Build.0 = Template|Win32
		{BFF04D3E-5EF2-415D-8FD7-3D3BD7D4F4E2}.Template|Win32.ActiveCfg = Template|Win32
		{BFF04D3E-5EF2-415D-8FD7-3D3BD7D4F4E2}.Template|Win32.Build.0 = Template|Win32
		{BFF04D3E-5EF2-415D-8FD7-3D3BD7D4F4E2}.Template|x64.ActiveCfg = Template|Win32
		{BFF04D3E-5EF2-415D-8FD7-3D3BD7D4F4E2}.Template|x86.ActiveCfg = Template|Win32
		{BFF04D3E-5EF2-415D-8FD7-3D3BD7D4F4E2}.Template|x86.Build.0 = Template|Win32
		{470D790C-30D1-430A-8985-ACE41F96920F}.Debug|Any CPU.ActiveCfg = Debug|Win32
		{470D790C-30D1-430A-8985-ACE41F96920F}.Debug|Mixed Platforms.ActiveCfg = Debug|Win32
		{470D790C-30D1-430A-8985-ACE41F96920F}.Debug|Mixed Platforms.Build.0 = Debug|Win32
		{470D790C-30D1-430A-8985-ACE41F96920F}.Debug|Win32.ActiveCfg = Debug|Win32
		{470D790C-30D1-430A-8985-ACE41F96920F}.Debug|Win32.Build.0 = Debug|Win32
		{470D790C-30D1-430A-8985-ACE41F96920F}.Debug|x64.ActiveCfg = Debug|Win32
		{470D790C-30D1-430A-8985-ACE41F96920F}.Debug|x86.ActiveCfg = Debug|Win32
		{470D790C-30D1-430A-8985-ACE41F96920F}.Debug|x86.Build.0 = Debug|Win32
		{470D790C-30D1-430A-8985-ACE41F96920F}.NASM Debug|Any CPU.ActiveCfg = Debug|Win32
		{470D790C-30D1-430A-8985-ACE41F96920F}.NASM Debug|Mixed Platforms.ActiveCfg = Debug|Win32
		{470D790C-30D1-430A-8985-ACE41F96920F}.NASM Debug|Mixed Platforms.Build.0 = Debug|Win32
		{470D790C-30D1-430A-8985-ACE41F96920F}.NASM Debug|Win32.ActiveCfg = Debug|Win32
		{470D790C-30D1-430A-8985-ACE41F96920F}.NASM Debug|Win32.Build.0 = Debug|Win32
		{470D790C-30D1-430A-8985-ACE41F96920F}.NASM Debug|x64.ActiveCfg = Debug|Win32
		{470D790C-30D1-430A-8985-ACE41F96920F}.NASM Debug|x86.ActiveCfg = Debug|Win32
		{470D790C-30D1-430A-8985-ACE41F96920F}.NASM Debug|x86.Build.0 = Debug|Win32
		{470D790C-30D1-430A-8985-ACE41F96920F}.NASM Release|Any CPU.ActiveCfg = Release|Win32
		{470D790C-30D1-430A-8985-ACE41F96920F}.NASM Release|Mixed Platforms.ActiveCfg = Release|Win32
		{470D790C-30D1-430A-8985-ACE41F96920F}.NASM Release|Mixed Platforms.Build.0 = Release|Win32
		{470D790C-30D1-430A-8985-ACE41F96920F}.NASM Release|Win32.ActiveCfg = Release|Win32
		{470D790C-30D1-430A-8985-ACE41F96920F}.NASM Release|Win32.Build.0 = Release|Win32
		{470D790C-30D1-430A-8985-ACE41F96920F}.NASM Release|x64.ActiveCfg = Release|Win32
		{470D790C-30D1-430A-8985-ACE41F96920F}.NASM Release|x86.ActiveCfg = Release|Win32
		{470D790C-30D1-430A-8985-ACE41F96920F}.NASM Release|x86.Build.0 = Release|Win32
		{470D790C-30D1-430A-8985-ACE41F96920F}.Release|Any CPU.ActiveCfg = Release|Win32
		{470D790C-30D1-430A-8985-ACE41F96920F}.Release|Mixed Platforms.ActiveCfg = Release|Win32
		{470D790C-30D1-430A-8985-ACE41F96920F}.Release|Mixed Platforms.Build.0 = Release|Win32
		{470D790C-30D1-430A-8985-ACE41F96920F}.Release|Win32.ActiveCfg = Release|Win32
		{470D790C-30D1-430A-8985-ACE41F96920F}.Release|Win32.Build.0 = Release|Win32
		{470D790C-30D1-430A-8985-ACE41F96920F}.Release|x64.ActiveCfg = Release|Win32
		{470D790C-30D1-430A-8985-ACE41F96920F}.Release|x86.ActiveCfg = Release|Win32
		{470D790C-30D1-430A-8985-ACE41F96920F}.Release|x86.Build.0 = Release|Win32
		{470D790C-30D1-430A-8985-ACE41F96920F}.Template|Any CPU.ActiveCfg = Release|Win32
		{470D790C-30D1-430A-8985-ACE41F96920F}.Template|Mixed Platforms.ActiveCfg = Release|Win32
		{470D790C-30D1-430A-8985-ACE41F96920F}.Template|Mixed Platforms.Build.0 = Release|Win32
		{470D790C-30D1-430A-8985-ACE41F96920F}.Template|Win32.ActiveCfg = Release|Win32
		{470D790C-30D1-430A-8985-ACE41F96920F}.Template|Win32.Build.0 = Release|Win32
		{470D790C-30D1-430A-8985-ACE41F96920F}.Template|x64.ActiveCfg = Release|Win32
		{470D790C-30D1-430A-8985-ACE41F96920F}.Template|x86.ActiveCfg = Release|Win32
		{470D790C-30D1-430A-8985-ACE41F96920F}.Template|x86.Build.0 = Release|Win32
	EndGlobalSection
	GlobalSection(SolutionProperties) = preSolution
		HideSolutionNode = FALSE
	EndGlobalSection
EndGlobal
