<?xml version="1.0" encoding="utf-8"?>
<Project ToolsVersion="4.0" xmlns="http://schemas.microsoft.com/developer/msbuild/2003">
  <ItemGroup>
    <Filter Include="Source Files">
      <UniqueIdentifier>{5a9d4ea3-3f92-4ec6-8513-4c672d0d4a89}</UniqueIdentifier>
      <Extensions>cpp;c;cxx;rc;def;r;odl;idl;hpj;bat</Extensions>
    </Filter>
    <Filter Include="Header Files">
      <UniqueIdentifier>{a7b85d77-14d3-4e5d-9f6e-14fdf2a680ac}</UniqueIdentifier>
      <Extensions>h;hpp;hxx;hm;inl</Extensions>
    </Filter>
    <Filter Include="Resource Files">
      <UniqueIdentifier>{884c454f-b229-4cf7-b08a-2992513b8b82}</UniqueIdentifier>
      <Extensions>ico;cur;bmp;dlg;rc2;rct;bin;cnt;rtf;gif;jpg;jpeg;jpe</Extensions>
    </Filter>
  </ItemGroup>
  <ItemGroup>
    <ClCompile Include="Bmpdlg.cpp">
      <Filter>Source Files</Filter>
    </ClCompile>
    <ClCompile Include="Bmpfile.cpp">
      <Filter>Source Files</Filter>
    </ClCompile>
    <ClCompile Include="Dl1quant.cpp">
      <Filter>Source Files</Filter>
    </ClCompile>
    <ClCompile Include="Jpegfile.cpp">
      <Filter>Source Files</Filter>
    </ClCompile>
    <ClCompile Include="MainFrm.cpp">
      <Filter>Source Files</Filter>
    </ClCompile>
    <ClCompile Include="MfcApp.cpp">
      <Filter>Source Files</Filter>
    </ClCompile>
    <ClCompile Include="MfcAppDoc.cpp">
      <Filter>Source Files</Filter>
    </ClCompile>
    <ClCompile Include="MfcAppView.cpp">
      <Filter>Source Files</Filter>
    </ClCompile>
    <ClCompile Include="Quantdlg.cpp">
      <Filter>Source Files</Filter>
    </ClCompile>
    <ClCompile Include="StdAfx.cpp">
      <Filter>Source Files</Filter>
    </ClCompile>
  </ItemGroup>
  <ItemGroup>
    <ResourceCompile Include="MfcApp.rc">
      <Filter>Source Files</Filter>
    </ResourceCompile>
  </ItemGroup>
  <ItemGroup>
    <ClInclude Include="Basic.h">
      <Filter>Header Files</Filter>
    </ClInclude>
    <ClInclude Include="Bmpdlg.h">
      <Filter>Header Files</Filter>
    </ClInclude>
    <ClInclude Include="Bmpfile.h">
      <Filter>Header Files</Filter>
    </ClInclude>
    <ClInclude Include="Dl1quant.h">
      <Filter>Header Files</Filter>
    </ClInclude>
    <ClInclude Include="Jpegfile.h">
      <Filter>Header Files</Filter>
    </ClInclude>
    <ClInclude Include="MainFrm.h">
      <Filter>Header Files</Filter>
    </ClInclude>
    <ClInclude Include="MfcApp.h">
      <Filter>Header Files</Filter>
    </ClInclude>
    <ClInclude Include="MfcAppDoc.h">
      <Filter>Header Files</Filter>
    </ClInclude>
    <ClInclude Include="MfcAppView.h">
      <Filter>Header Files</Filter>
    </ClInclude>
    <ClInclude Include="Quantdlg.h">
      <Filter>Header Files</Filter>
    </ClInclude>
    <ClInclude Include="Resource.h">
      <Filter>Header Files</Filter>
    </ClInclude>
    <ClInclude Include="StdAfx.h">
      <Filter>Header Files</Filter>
    </ClInclude>
  </ItemGroup>
  <ItemGroup>
    <None Include="res\MfcApp.ico">
      <Filter>Resource Files</Filter>
    </None>
    <None Include="res\MfcApp.rc2">
      <Filter>Resource Files</Filter>
    </None>
    <None Include="res\MfcAppDoc.ico">
      <Filter>Resource Files</Filter>
    </None>
    <None Include="res\mfcapp~1.ico">
      <Filter>Resource Files</Filter>
    </None>
    <None Include="res\Toolbar.bmp">
      <Filter>Resource Files</Filter>
    </None>
    <None Include="ReadMe.txt" />
  </ItemGroup>
</Project>