<?xml version="1.0" encoding="utf-8"?>
<Project ToolsVersion="4.0" xmlns="http://schemas.microsoft.com/developer/msbuild/2003">
  <ItemGroup>
    <Filter Include="ソース ファイル">
      <UniqueIdentifier>{4FC737F1-C7A5-4376-A066-2A32D752A2FF}</UniqueIdentifier>
      <Extensions>cpp;c;cc;cxx;def;odl;idl;hpj;bat;asm;asmx</Extensions>
    </Filter>
    <Filter Include="インクルード ファイル">
      <UniqueIdentifier>{68b35052-8fa0-4104-8ae4-9ea6bde137f1}</UniqueIdentifier>
    </Filter>
  </ItemGroup>
  <ItemGroup>
    <ClCompile Include="jaricom.c">
      <Filter>ソース ファイル</Filter>
    </ClCompile>
    <ClCompile Include="jcapimin.c">
      <Filter>ソース ファイル</Filter>
    </ClCompile>
    <ClCompile Include="jcapistd.c">
      <Filter>ソース ファイル</Filter>
    </ClCompile>
    <ClCompile Include="jcarith.c">
      <Filter>ソース ファイル</Filter>
    </ClCompile>
    <ClCompile Include="jccoefct.c">
      <Filter>ソース ファイル</Filter>
    </ClCompile>
    <ClCompile Include="jccolor.c">
      <Filter>ソース ファイル</Filter>
    </ClCompile>
    <ClCompile Include="jcdctmgr.c">
      <Filter>ソース ファイル</Filter>
    </ClCompile>
    <ClCompile Include="jchuff.c">
      <Filter>ソース ファイル</Filter>
    </ClCompile>
    <ClCompile Include="jcinit.c">
      <Filter>ソース ファイル</Filter>
    </ClCompile>
    <ClCompile Include="jcmainct.c">
      <Filter>ソース ファイル</Filter>
    </ClCompile>
    <ClCompile Include="jcmarker.c">
      <Filter>ソース ファイル</Filter>
    </ClCompile>
    <ClCompile Include="jcmaster.c">
      <Filter>ソース ファイル</Filter>
    </ClCompile>
    <ClCompile Include="jcomapi.c">
      <Filter>ソース ファイル</Filter>
    </ClCompile>
    <ClCompile Include="jcparam.c">
      <Filter>ソース ファイル</Filter>
    </ClCompile>
    <ClCompile Include="jcphuff.c">
      <Filter>ソース ファイル</Filter>
    </ClCompile>
    <ClCompile Include="jcprepct.c">
      <Filter>ソース ファイル</Filter>
    </ClCompile>
    <ClCompile Include="jcsample.c">
      <Filter>ソース ファイル</Filter>
    </ClCompile>
    <ClCompile Include="jctrans.c">
      <Filter>ソース ファイル</Filter>
    </ClCompile>
    <ClCompile Include="jdapimin.c">
      <Filter>ソース ファイル</Filter>
    </ClCompile>
    <ClCompile Include="jdapistd.c">
      <Filter>ソース ファイル</Filter>
    </ClCompile>
    <ClCompile Include="jdarith.c">
      <Filter>ソース ファイル</Filter>
    </ClCompile>
    <ClCompile Include="jdatadst.c">
      <Filter>ソース ファイル</Filter>
    </ClCompile>
    <ClCompile Include="jdatasrc.c">
      <Filter>ソース ファイル</Filter>
    </ClCompile>
    <ClCompile Include="jdcoefct.c">
      <Filter>ソース ファイル</Filter>
    </ClCompile>
    <ClCompile Include="jdcolor.c">
      <Filter>ソース ファイル</Filter>
    </ClCompile>
    <ClCompile Include="jddctmgr.c">
      <Filter>ソース ファイル</Filter>
    </ClCompile>
    <ClCompile Include="jdhuff.c">
      <Filter>ソース ファイル</Filter>
    </ClCompile>
    <ClCompile Include="jdinput.c">
      <Filter>ソース ファイル</Filter>
    </ClCompile>
    <ClCompile Include="jdmainct.c">
      <Filter>ソース ファイル</Filter>
    </ClCompile>
    <ClCompile Include="jdmarker.c">
      <Filter>ソース ファイル</Filter>
    </ClCompile>
    <ClCompile Include="jdmaster.c">
      <Filter>ソース ファイル</Filter>
    </ClCompile>
    <ClCompile Include="jdmerge.c">
      <Filter>ソース ファイル</Filter>
    </ClCompile>
    <ClCompile Include="jdphuff.c">
      <Filter>ソース ファイル</Filter>
    </ClCompile>
    <ClCompile Include="jdpostct.c">
      <Filter>ソース ファイル</Filter>
    </ClCompile>
    <ClCompile Include="jdsample.c">
      <Filter>ソース ファイル</Filter>
    </ClCompile>
    <ClCompile Include="jdtrans.c">
      <Filter>ソース ファイル</Filter>
    </ClCompile>
    <ClCompile Include="jerror.c">
      <Filter>ソース ファイル</Filter>
    </ClCompile>
    <ClCompile Include="jfdctflt.c">
      <Filter>ソース ファイル</Filter>
    </ClCompile>
    <ClCompile Include="jfdctfst.c">
      <Filter>ソース ファイル</Filter>
    </ClCompile>
    <ClCompile Include="jfdctint.c">
      <Filter>ソース ファイル</Filter>
    </ClCompile>
    <ClCompile Include="jidctflt.c">
      <Filter>ソース ファイル</Filter>
    </ClCompile>
    <ClCompile Include="jidctfst.c">
      <Filter>ソース ファイル</Filter>
    </ClCompile>
    <ClCompile Include="jidctint.c">
      <Filter>ソース ファイル</Filter>
    </ClCompile>
    <ClCompile Include="jidctred.c">
      <Filter>ソース ファイル</Filter>
    </ClCompile>
    <ClCompile Include="jmemansi.c">
      <Filter>ソース ファイル</Filter>
    </ClCompile>
    <ClCompile Include="jmemmgr.c">
      <Filter>ソース ファイル</Filter>
    </ClCompile>
    <ClCompile Include="jquant1.c">
      <Filter>ソース ファイル</Filter>
    </ClCompile>
    <ClCompile Include="jquant2.c">
      <Filter>ソース ファイル</Filter>
    </ClCompile>
    <ClCompile Include="jutils.c">
      <Filter>ソース ファイル</Filter>
    </ClCompile>
  </ItemGroup>
  <ItemGroup>
    <ClInclude Include="..\include\cderror.h">
      <Filter>インクルード ファイル</Filter>
    </ClInclude>
    <ClInclude Include="..\include\cdjpeg.h">
      <Filter>インクルード ファイル</Filter>
    </ClInclude>
    <ClInclude Include="..\include\JCHUFF.H">
      <Filter>インクルード ファイル</Filter>
    </ClInclude>
    <ClInclude Include="..\include\jconfig.h">
      <Filter>インクルード ファイル</Filter>
    </ClInclude>
    <ClInclude Include="..\include\jdct.h">
      <Filter>インクルード ファイル</Filter>
    </ClInclude>
    <ClInclude Include="..\include\JDHUFF.H">
      <Filter>インクルード ファイル</Filter>
    </ClInclude>
    <ClInclude Include="..\include\jerror.h">
      <Filter>インクルード ファイル</Filter>
    </ClInclude>
    <ClInclude Include="..\include\jinclude.h">
      <Filter>インクルード ファイル</Filter>
    </ClInclude>
    <ClInclude Include="..\include\jmemsys.h">
      <Filter>インクルード ファイル</Filter>
    </ClInclude>
    <ClInclude Include="..\include\jmorecfg.h">
      <Filter>インクルード ファイル</Filter>
    </ClInclude>
    <ClInclude Include="..\include\jpegint.h">
      <Filter>インクルード ファイル</Filter>
    </ClInclude>
    <ClInclude Include="..\include\jpeglib.h">
      <Filter>インクルード ファイル</Filter>
    </ClInclude>
    <ClInclude Include="..\include\jversion.h">
      <Filter>インクルード ファイル</Filter>
    </ClInclude>
    <ClInclude Include="..\include\transupp.h">
      <Filter>インクルード ファイル</Filter>
    </ClInclude>
  </ItemGroup>
</Project>